
Microsoft Visual Studio Solution File, Format Version 12.00
# Visual Studio 15
Project("{FAE04EC0-301F-11D3-BF4B-00C04F79EFBC}") = "Assembly-CSharp", "Assembly-CSharp.csproj", "{2996E846-843B-4B4A-CB78-2DC04FC78B30}"
EndProject
Global
	GlobalSection(SolutionConfigurationPlatforms) = preSolution
		Debug|Any CPU = Debug|Any CPU
		Release|Any CPU = Release|Any CPU
	EndGlobalSection
	GlobalSection(ProjectConfigurationPlatforms) = postSolution
		{2996E846-843B-4B4A-CB78-2DC04FC78B30}.Debug|Any CPU.ActiveCfg = Debug|Any CPU
		{2996E846-843B-4B4A-CB78-2DC04FC78B30}.Debug|Any CPU.Build.0 = Debug|Any CPU
		{2996E846-843B-4B4A-CB78-2DC04FC78B30}.Release|Any CPU.ActiveCfg = Release|Any CPU
		{2996E846-843B-4B4A-CB78-2DC04FC78B30}.Release|Any CPU.Build.0 = Release|Any CPU
	EndGlobalSection
	GlobalSection(SolutionProperties) = preSolution
		HideSolutionNode = FALSE
	EndGlobalSection
EndGlobal
